
Microsoft Visual Studio Solution File, Format Version 12.00
# Visual Studio Version 16
VisualStudioVersion = 16.0.31019.35
MinimumVisualStudioVersion = 10.0.40219.1
Project("{FAE04EC0-301F-11D3-BF4B-00C04F79EFBC}") = "ReserveSport", "ReserveSport\ReserveSport.csproj", "{7ABA3A5B-87F3-48CC-B9B8-475922F58BF2}"
EndProject
Project("{FAE04EC0-301F-11D3-BF4B-00C04F79EFBC}") = "Application", "Application\Application.csproj", "{D067042B-ADA9-483F-B0EF-FE6A1A3E9367}"
EndProject
Project("{FAE04EC0-301F-11D3-BF4B-00C04F79EFBC}") = "Data", "Data\Data.csproj", "{F5377B69-3433-4A72-933A-CF88E31D1AAE}"
EndProject
Project("{FAE04EC0-301F-11D3-BF4B-00C04F79EFBC}") = "Domin", "Domin\Domin.csproj", "{8D3FBBFC-485C-4E48-9037-DC4CDFB98C74}"
EndProject
Project("{FAE04EC0-301F-11D3-BF4B-00C04F79EFBC}") = "IOC", "IOC\IOC.csproj", "{9FAB09A6-141C-492F-982C-A657ACE9B353}"
EndProject
Global
	GlobalSection(SolutionConfigurationPlatforms) = preSolution
		Debug|Any CPU = Debug|Any CPU
		Release|Any CPU = Release|Any CPU
	EndGlobalSection
	GlobalSection(ProjectConfigurationPlatforms) = postSolution
		{7ABA3A5B-87F3-48CC-B9B8-475922F58BF2}.Debug|Any CPU.ActiveCfg = Debug|Any CPU
		{7ABA3A5B-87F3-48CC-B9B8-475922F58BF2}.Debug|Any CPU.Build.0 = Debug|Any CPU
		{7ABA3A5B-87F3-48CC-B9B8-475922F58BF2}.Release|Any CPU.ActiveCfg = Release|Any CPU
		{7ABA3A5B-87F3-48CC-B9B8-475922F58BF2}.Release|Any CPU.Build.0 = Release|Any CPU
		{D067042B-ADA9-483F-B0EF-FE6A1A3E9367}.Debug|Any CPU.ActiveCfg = Debug|Any CPU
		{D067042B-ADA9-483F-B0EF-FE6A1A3E9367}.Debug|Any CPU.Build.0 = Debug|Any CPU
		{D067042B-ADA9-483F-B0EF-FE6A1A3E9367}.Release|Any CPU.ActiveCfg = Release|Any CPU
		{D067042B-ADA9-483F-B0EF-FE6A1A3E9367}.Release|Any CPU.Build.0 = Release|Any CPU
		{F5377B69-3433-4A72-933A-CF88E31D1AAE}.Debug|Any CPU.ActiveCfg = Debug|Any CPU
		{F5377B69-3433-4A72-933A-CF88E31D1AAE}.Debug|Any CPU.Build.0 = Debug|Any CPU
		{F5377B69-3433-4A72-933A-CF88E31D1AAE}.Release|Any CPU.ActiveCfg = Release|Any CPU
		{F5377B69-3433-4A72-933A-CF88E31D1AAE}.Release|Any CPU.Build.0 = Release|Any CPU
		{8D3FBBFC-485C-4E48-9037-DC4CDFB98C74}.Debug|Any CPU.ActiveCfg = Debug|Any CPU
		{8D3FBBFC-485C-4E48-9037-DC4CDFB98C74}.Debug|Any CPU.Build.0 = Debug|Any CPU
		{8D3FBBFC-485C-4E48-9037-DC4CDFB98C74}.Release|Any CPU.ActiveCfg = Release|Any CPU
		{8D3FBBFC-485C-4E48-9037-DC4CDFB98C74}.Release|Any CPU.Build.0 = Release|Any CPU
		{9FAB09A6-141C-492F-982C-A657ACE9B353}.Debug|Any CPU.ActiveCfg = Debug|Any CPU
		{9FAB09A6-141C-492F-982C-A657ACE9B353}.Debug|Any CPU.Build.0 = Debug|Any CPU
		{9FAB09A6-141C-492F-982C-A657ACE9B353}.Release|Any CPU.ActiveCfg = Release|Any CPU
		{9FAB09A6-141C-492F-982C-A657ACE9B353}.Release|Any CPU.Build.0 = Release|Any CPU
	EndGlobalSection
	GlobalSection(SolutionProperties) = preSolution
		HideSolutionNode = FALSE
	EndGlobalSection
	GlobalSection(ExtensibilityGlobals) = postSolution
		SolutionGuid = {2B8825E1-2322-43CC-9E2F-BC5ED6DA48CE}
	EndGlobalSection
EndGlobal
